
Microsoft Visual Studio Solution File, Format Version 12.00
# Visual Studio Version 17
VisualStudioVersion = 17.5.2.0
MinimumVisualStudioVersion = 10.0.40219.1
Project("{2150E333-8FDC-42A3-9474-1A3956D46DE8}") = "src", "src", "{827E0CD3-B72D-47B6-A68D-7590B98EB39B}"
EndProject
Project("{FAE04EC0-301F-11D3-BF4B-00C04F79EFBC}") = "Companies.API", "src\Companies.API\Companies.API.csproj", "{AC5D054C-1A5F-AF42-0B08-BB53040E742B}"
EndProject
Project("{FAE04EC0-301F-11D3-BF4B-00C04F79EFBC}") = "Companies.Importer", "src\Companies.Importer\Companies.Importer.csproj", "{35172B5D-96C3-493F-A21B-087376CF260B}"
EndProject
Project("{2150E333-8FDC-42A3-9474-1A3956D46DE8}") = "tests", "tests", "{0AB3BF05-4346-4AA6-1389-037BE0695223}"
EndProject
Project("{FAE04EC0-301F-11D3-BF4B-00C04F79EFBC}") = "Companies.Importer.MessageSenderTest", "tests\Companies.Importer.MessageSenderTest\Companies.Importer.MessageSenderTest.csproj", "{B9967EAC-F152-41AE-9372-9FED81DB8DF9}"
EndProject
Global
	GlobalSection(SolutionConfigurationPlatforms) = preSolution
		Debug|Any CPU = Debug|Any CPU
		Debug|x64 = Debug|x64
		Debug|x86 = Debug|x86
		Release|Any CPU = Release|Any CPU
		Release|x64 = Release|x64
		Release|x86 = Release|x86
	EndGlobalSection
	GlobalSection(ProjectConfigurationPlatforms) = postSolution
		{AC5D054C-1A5F-AF42-0B08-BB53040E742B}.Debug|Any CPU.ActiveCfg = Debug|Any CPU
		{AC5D054C-1A5F-AF42-0B08-BB53040E742B}.Debug|Any CPU.Build.0 = Debug|Any CPU
		{AC5D054C-1A5F-AF42-0B08-BB53040E742B}.Debug|x64.ActiveCfg = Debug|Any CPU
		{AC5D054C-1A5F-AF42-0B08-BB53040E742B}.Debug|x64.Build.0 = Debug|Any CPU
		{AC5D054C-1A5F-AF42-0B08-BB53040E742B}.Debug|x86.ActiveCfg = Debug|Any CPU
		{AC5D054C-1A5F-AF42-0B08-BB53040E742B}.Debug|x86.Build.0 = Debug|Any CPU
		{AC5D054C-1A5F-AF42-0B08-BB53040E742B}.Release|Any CPU.ActiveCfg = Release|Any CPU
		{AC5D054C-1A5F-AF42-0B08-BB53040E742B}.Release|Any CPU.Build.0 = Release|Any CPU
		{AC5D054C-1A5F-AF42-0B08-BB53040E742B}.Release|x64.ActiveCfg = Release|Any CPU
		{AC5D054C-1A5F-AF42-0B08-BB53040E742B}.Release|x64.Build.0 = Release|Any CPU
		{AC5D054C-1A5F-AF42-0B08-BB53040E742B}.Release|x86.ActiveCfg = Release|Any CPU
		{AC5D054C-1A5F-AF42-0B08-BB53040E742B}.Release|x86.Build.0 = Release|Any CPU
		{35172B5D-96C3-493F-A21B-087376CF260B}.Debug|Any CPU.ActiveCfg = Debug|Any CPU
		{35172B5D-96C3-493F-A21B-087376CF260B}.Debug|Any CPU.Build.0 = Debug|Any CPU
		{35172B5D-96C3-493F-A21B-087376CF260B}.Debug|x64.ActiveCfg = Debug|Any CPU
		{35172B5D-96C3-493F-A21B-087376CF260B}.Debug|x64.Build.0 = Debug|Any CPU
		{35172B5D-96C3-493F-A21B-087376CF260B}.Debug|x86.ActiveCfg = Debug|Any CPU
		{35172B5D-96C3-493F-A21B-087376CF260B}.Debug|x86.Build.0 = Debug|Any CPU
		{35172B5D-96C3-493F-A21B-087376CF260B}.Release|Any CPU.ActiveCfg = Release|Any CPU
		{35172B5D-96C3-493F-A21B-087376CF260B}.Release|Any CPU.Build.0 = Release|Any CPU
		{35172B5D-96C3-493F-A21B-087376CF260B}.Release|x64.ActiveCfg = Release|Any CPU
		{35172B5D-96C3-493F-A21B-087376CF260B}.Release|x64.Build.0 = Release|Any CPU
		{35172B5D-96C3-493F-A21B-087376CF260B}.Release|x86.ActiveCfg = Release|Any CPU
		{35172B5D-96C3-493F-A21B-087376CF260B}.Release|x86.Build.0 = Release|Any CPU
		{B9967EAC-F152-41AE-9372-9FED81DB8DF9}.Debug|Any CPU.ActiveCfg = Debug|Any CPU
		{B9967EAC-F152-41AE-9372-9FED81DB8DF9}.Debug|Any CPU.Build.0 = Debug|Any CPU
		{B9967EAC-F152-41AE-9372-9FED81DB8DF9}.Debug|x64.ActiveCfg = Debug|Any CPU
		{B9967EAC-F152-41AE-9372-9FED81DB8DF9}.Debug|x64.Build.0 = Debug|Any CPU
		{B9967EAC-F152-41AE-9372-9FED81DB8DF9}.Debug|x86.ActiveCfg = Debug|Any CPU
		{B9967EAC-F152-41AE-9372-9FED81DB8DF9}.Debug|x86.Build.0 = Debug|Any CPU
		{B9967EAC-F152-41AE-9372-9FED81DB8DF9}.Release|Any CPU.ActiveCfg = Release|Any CPU
		{B9967EAC-F152-41AE-9372-9FED81DB8DF9}.Release|Any CPU.Build.0 = Release|Any CPU
		{B9967EAC-F152-41AE-9372-9FED81DB8DF9}.Release|x64.ActiveCfg = Release|Any CPU
		{B9967EAC-F152-41AE-9372-9FED81DB8DF9}.Release|x64.Build.0 = Release|Any CPU
		{B9967EAC-F152-41AE-9372-9FED81DB8DF9}.Release|x86.ActiveCfg = Release|Any CPU
		{B9967EAC-F152-41AE-9372-9FED81DB8DF9}.Release|x86.Build.0 = Release|Any CPU
	EndGlobalSection
	GlobalSection(SolutionProperties) = preSolution
		HideSolutionNode = FALSE
	EndGlobalSection
	GlobalSection(NestedProjects) = preSolution
		{AC5D054C-1A5F-AF42-0B08-BB53040E742B} = {827E0CD3-B72D-47B6-A68D-7590B98EB39B}
		{35172B5D-96C3-493F-A21B-087376CF260B} = {827E0CD3-B72D-47B6-A68D-7590B98EB39B}
		{B9967EAC-F152-41AE-9372-9FED81DB8DF9} = {0AB3BF05-4346-4AA6-1389-037BE0695223}
	EndGlobalSection
	GlobalSection(ExtensibilityGlobals) = postSolution
		SolutionGuid = {19159102-2E14-47D4-B730-9886533F5628}
	EndGlobalSection
EndGlobal
